Microsoft Visual Studio Solution File, Format Version 12.00
# Visual Studio Version 17
VisualStudioVersion = 17.8.0.0
MinimumVisualStudioVersion = 17.8.0.0
Project("{9A19103F-16F7-4668-BE54-9A1E7A4F7556}") = "Aspire13Microservices.AppHost", "Aspire13Microservices.AppHost\Aspire13Microservices.AppHost.csproj", "{A1543D11-AE7A-44C7-A98F-34E727BB481F}"
EndProject
Project("{9A19103F-16F7-4668-BE54-9A1E7A4F7556}") = "Aspire13Microservices.ServiceDefaults", "Aspire13Microservices.ServiceDefaults\Aspire13Microservices.ServiceDefaults.csproj", "{BAC44331-FABC-4C2B-92C3-9CE2DB5DA0C6}"
EndProject
Project("{9A19103F-16F7-4668-BE54-9A1E7A4F7556}") = "Aspire13Microservices.ApiService", "Aspire13Microservices.ApiService\Aspire13Microservices.ApiService.csproj", "{B55E7355-172C-4705-8F91-04FA9C6D8A75}"
EndProject
Project("{9A19103F-16F7-4668-BE54-9A1E7A4F7556}") = "Aspire13Microservices.Web", "Aspire13Microservices.Web\Aspire13Microservices.Web.csproj", "{1D91B581-06AA-410F-B34E-93AD9E819AC2}"
EndProject
Global
	GlobalSection(SolutionConfigurationPlatforms) = preSolution
		Debug|Any CPU = Debug|Any CPU
		Release|Any CPU = Release|Any CPU
	EndGlobalSection
	GlobalSection(ProjectConfigurationPlatforms) = postSolution
		{A1543D11-AE7A-44C7-A98F-34E727BB481F}.Debug|Any CPU.ActiveCfg = Debug|Any CPU
		{A1543D11-AE7A-44C7-A98F-34E727BB481F}.Debug|Any CPU.Build.0 = Debug|Any CPU
		{A1543D11-AE7A-44C7-A98F-34E727BB481F}.Release|Any CPU.ActiveCfg = Release|Any CPU
		{A1543D11-AE7A-44C7-A98F-34E727BB481F}.Release|Any CPU.Build.0 = Release|Any CPU
		{BAC44331-FABC-4C2B-92C3-9CE2DB5DA0C6}.Debug|Any CPU.ActiveCfg = Debug|Any CPU
		{BAC44331-FABC-4C2B-92C3-9CE2DB5DA0C6}.Debug|Any CPU.Build.0 = Debug|Any CPU
		{BAC44331-FABC-4C2B-92C3-9CE2DB5DA0C6}.Release|Any CPU.ActiveCfg = Release|Any CPU
		{BAC44331-FABC-4C2B-92C3-9CE2DB5DA0C6}.Release|Any CPU.Build.0 = Release|Any CPU
		{B55E7355-172C-4705-8F91-04FA9C6D8A75}.Debug|Any CPU.ActiveCfg = Debug|Any CPU
		{B55E7355-172C-4705-8F91-04FA9C6D8A75}.Debug|Any CPU.Build.0 = Debug|Any CPU
		{B55E7355-172C-4705-8F91-04FA9C6D8A75}.Release|Any CPU.ActiveCfg = Release|Any CPU
		{B55E7355-172C-4705-8F91-04FA9C6D8A75}.Release|Any CPU.Build.0 = Release|Any CPU
		{1D91B581-06AA-410F-B34E-93AD9E819AC2}.Debug|Any CPU.ActiveCfg = Debug|Any CPU
		{1D91B581-06AA-410F-B34E-93AD9E819AC2}.Debug|Any CPU.Build.0 = Debug|Any CPU
		{1D91B581-06AA-410F-B34E-93AD9E819AC2}.Release|Any CPU.ActiveCfg = Release|Any CPU
		{1D91B581-06AA-410F-B34E-93AD9E819AC2}.Release|Any CPU.Build.0 = Release|Any CPU
	EndGlobalSection
	GlobalSection(SolutionProperties) = preSolution
		HideSolutionNode = FALSE
	EndGlobalSection
	GlobalSection(ExtensibilityGlobals) = postSolution
		SolutionGuid = {99ED76CB-4BBA-4183-911F-8102A64DF642}
	EndGlobalSection
EndGlobal
